
Microsoft Visual Studio Solution File, Format Version 12.00
# Visual Studio 14
VisualStudioVersion = 14.0.25420.1
MinimumVisualStudioVersion = 10.0.40219.1
Project("{FAE04EC0-301F-11D3-BF4B-00C04F79EFBC}") = "WebApplication10", "WebApplication10\WebApplication10.csproj", "{FFEE9B01-3991-4856-8A3C-E98D7EABC011}"
EndProject
Project("{FAE04EC0-301F-11D3-BF4B-00C04F79EFBC}") = "WebApplication10.Tests", "WebApplication10.Tests\WebApplication10.Tests.csproj", "{38A7CA7A-09CD-49C9-8D55-1FA70DDE44E2}"
EndProject
Global
	GlobalSection(SolutionConfigurationPlatforms) = preSolution
		Debug|Any CPU = Debug|Any CPU
		Release|Any CPU = Release|Any CPU
	EndGlobalSection
	GlobalSection(ProjectConfigurationPlatforms) = postSolution
		{FFEE9B01-3991-4856-8A3C-E98D7EABC011}.Debug|Any CPU.ActiveCfg = Debug|Any CPU
		{FFEE9B01-3991-4856-8A3C-E98D7EABC011}.Debug|Any CPU.Build.0 = Debug|Any CPU
		{FFEE9B01-3991-4856-8A3C-E98D7EABC011}.Release|Any CPU.ActiveCfg = Release|Any CPU
		{FFEE9B01-3991-4856-8A3C-E98D7EABC011}.Release|Any CPU.Build.0 = Release|Any CPU
		{38A7CA7A-09CD-49C9-8D55-1FA70DDE44E2}.Debug|Any CPU.ActiveCfg = Debug|Any CPU
		{38A7CA7A-09CD-49C9-8D55-1FA70DDE44E2}.Debug|Any CPU.Build.0 = Debug|Any CPU
		{38A7CA7A-09CD-49C9-8D55-1FA70DDE44E2}.Release|Any CPU.ActiveCfg = Release|Any CPU
		{38A7CA7A-09CD-49C9-8D55-1FA70DDE44E2}.Release|Any CPU.Build.0 = Release|Any CPU
	EndGlobalSection
	GlobalSection(SolutionProperties) = preSolution
		HideSolutionNode = FALSE
	EndGlobalSection
EndGlobal
